// !$*UTF8*$!
{
	archiveVersion = 1;
	classes = {
	};
	objectVersion = 50;
	objects = {

/* Begin PBXBuildFile section */
		DB2060ED24C54773009E94B0 /* FilterSettingViewController.swift in Sources */ = {isa = PBXBuildFile; fileRef = DB2060EC24C54773009E94B0 /* FilterSettingViewController.swift */; };
		DB2060EF24C54C4F009E94B0 /* FilterModel.swift in Sources */ = {isa = PBXBuildFile; fileRef = DB2060EE24C54C4F009E94B0 /* FilterModel.swift */; };
		DB2060F124C54D57009E94B0 /* FillterSettingViewModel.swift in Sources */ = {isa = PBXBuildFile; fileRef = DB2060F024C54D57009E94B0 /* FillterSettingViewModel.swift */; };
		DB2060F424C57599009E94B0 /* TestBluetoothViewModel.swift in Sources */ = {isa = PBXBuildFile; fileRef = DB2060F324C57599009E94B0 /* TestBluetoothViewModel.swift */; };
		DB2060F724C57ECA009E94B0 /* testPeripheralViewModel.swift in Sources */ = {isa = PBXBuildFile; fileRef = DB2060F624C57ECA009E94B0 /* testPeripheralViewModel.swift */; };
		DB2060F924C57F0B009E94B0 /* testFilterSettingViewModel.swift in Sources */ = {isa = PBXBuildFile; fileRef = DB2060F824C57F0B009E94B0 /* testFilterSettingViewModel.swift */; };
		DB2060FC24C583B9009E94B0 /* testFilterSettingViewController.swift in Sources */ = {isa = PBXBuildFile; fileRef = DB2060FB24C583B9009E94B0 /* testFilterSettingViewController.swift */; };
		DB267DEE24C14BFC004C83B2 /* ScanDeviceTableViewCell.swift in Sources */ = {isa = PBXBuildFile; fileRef = DB267DEC24C14BFC004C83B2 /* ScanDeviceTableViewCell.swift */; };
		DB267DEF24C14BFC004C83B2 /* ScanDeviceTableViewCell.xib in Resources */ = {isa = PBXBuildFile; fileRef = DB267DED24C14BFC004C83B2 /* ScanDeviceTableViewCell.xib */; };
		DB267DF124C15424004C83B2 /* PeripheralModel.swift in Sources */ = {isa = PBXBuildFile; fileRef = DB267DF024C15424004C83B2 /* PeripheralModel.swift */; };
		DB267DF424C15F2B004C83B2 /* BluetoothService.swift in Sources */ = {isa = PBXBuildFile; fileRef = DB267DF324C15F2B004C83B2 /* BluetoothService.swift */; };
		DB267DFD24C18B03004C83B2 /* UIViewController.swift in Sources */ = {isa = PBXBuildFile; fileRef = DB267DFC24C18B03004C83B2 /* UIViewController.swift */; };
		DB267E0024C1A588004C83B2 /* PeripheralViewController.swift in Sources */ = {isa = PBXBuildFile; fileRef = DB267DFF24C1A588004C83B2 /* PeripheralViewController.swift */; };
		DB267E0224C1A929004C83B2 /* PeripheralViewModel.swift in Sources */ = {isa = PBXBuildFile; fileRef = DB267E0124C1A929004C83B2 /* PeripheralViewModel.swift */; };
		DB28F15C24C5325E00908C31 /* PermissionsViewController.swift in Sources */ = {isa = PBXBuildFile; fileRef = DB28F15B24C5325E00908C31 /* PermissionsViewController.swift */; };
		DB28F15E24C533F000908C31 /* PermissionViewModel.swift in Sources */ = {isa = PBXBuildFile; fileRef = DB28F15D24C533F000908C31 /* PermissionViewModel.swift */; };
		DBE7188524C011E500EB9734 /* AppDelegate.swift in Sources */ = {isa = PBXBuildFile; fileRef = DBE7188424C011E500EB9734 /* AppDelegate.swift */; };
		DBE7188C24C011E500EB9734 /* Main.storyboard in Resources */ = {isa = PBXBuildFile; fileRef = DBE7188A24C011E500EB9734 /* Main.storyboard */; };
		DBE7188E24C011E700EB9734 /* Assets.xcassets in Resources */ = {isa = PBXBuildFile; fileRef = DBE7188D24C011E700EB9734 /* Assets.xcassets */; };
		DBE7189124C011E700EB9734 /* LaunchScreen.storyboard in Resources */ = {isa = PBXBuildFile; fileRef = DBE7188F24C011E700EB9734 /* LaunchScreen.storyboard */; };
		DBE718AC24C014FA00EB9734 /* BluetoothViewController.swift in Sources */ = {isa = PBXBuildFile; fileRef = DBE718AB24C014FA00EB9734 /* BluetoothViewController.swift */; };
		DBE718AF24C0171700EB9734 /* BluetoothViewModel.swift in Sources */ = {isa = PBXBuildFile; fileRef = DBE718AE24C0171700EB9734 /* BluetoothViewModel.swift */; };
/* End PBXBuildFile section */

/* Begin PBXContainerItemProxy section */
		DBE7189824C011E800EB9734 /* PBXContainerItemProxy */ = {
			isa = PBXContainerItemProxy;
			containerPortal = DBE7187924C011E500EB9734 /* Project object */;
			proxyType = 1;
			remoteGlobalIDString = DBE7188024C011E500EB9734;
			remoteInfo = BlueToothScanner;
		};
/* End PBXContainerItemProxy section */

/* Begin PBXFileReference section */
		DB2060EC24C54773009E94B0 /* FilterSettingViewController.swift */ = {isa = PBXFileReference; lastKnownFileType = sourcecode.swift; path = FilterSettingViewController.swift; sourceTree = "<group>"; };
		DB2060EE24C54C4F009E94B0 /* FilterModel.swift */ = {isa = PBXFileReference; lastKnownFileType = sourcecode.swift; path = FilterModel.swift; sourceTree = "<group>"; };
		DB2060F024C54D57009E94B0 /* FillterSettingViewModel.swift */ = {isa = PBXFileReference; lastKnownFileType = sourcecode.swift; path = FillterSettingViewModel.swift; sourceTree = "<group>"; };
		DB2060F224C57598009E94B0 /* BlueToothScannerTests-Bridging-Header.h */ = {isa = PBXFileReference; lastKnownFileType = sourcecode.c.h; path = "BlueToothScannerTests-Bridging-Header.h"; sourceTree = "<group>"; };
		DB2060F324C57599009E94B0 /* TestBluetoothViewModel.swift */ = {isa = PBXFileReference; lastKnownFileType = sourcecode.swift; path = TestBluetoothViewModel.swift; sourceTree = "<group>"; };
		DB2060F624C57ECA009E94B0 /* testPeripheralViewModel.swift */ = {isa = PBXFileReference; lastKnownFileType = sourcecode.swift; path = testPeripheralViewModel.swift; sourceTree = "<group>"; };
		DB2060F824C57F0B009E94B0 /* testFilterSettingViewModel.swift */ = {isa = PBXFileReference; lastKnownFileType = sourcecode.swift; path = testFilterSettingViewModel.swift; sourceTree = "<group>"; };
		DB2060FB24C583B9009E94B0 /* testFilterSettingViewController.swift */ = {isa = PBXFileReference; lastKnownFileType = sourcecode.swift; path = testFilterSettingViewController.swift; sourceTree = "<group>"; };
		DB267DEC24C14BFC004C83B2 /* ScanDeviceTableViewCell.swift */ = {isa = PBXFileReference; lastKnownFileType = sourcecode.swift; path = ScanDeviceTableViewCell.swift; sourceTree = "<group>"; };
		DB267DED24C14BFC004C83B2 /* ScanDeviceTableViewCell.xib */ = {isa = PBXFileReference; lastKnownFileType = file.xib; path = ScanDeviceTableViewCell.xib; sourceTree = "<group>"; };
		DB267DF024C15424004C83B2 /* PeripheralModel.swift */ = {isa = PBXFileReference; lastKnownFileType = sourcecode.swift; path = PeripheralModel.swift; sourceTree = "<group>"; };
		DB267DF324C15F2B004C83B2 /* BluetoothService.swift */ = {isa = PBXFileReference; lastKnownFileType = sourcecode.swift; path = BluetoothService.swift; sourceTree = "<group>"; };
		DB267DFC24C18B03004C83B2 /* UIViewController.swift */ = {isa = PBXFileReference; lastKnownFileType = sourcecode.swift; path = UIViewController.swift; sourceTree = "<group>"; };
		DB267DFF24C1A588004C83B2 /* PeripheralViewController.swift */ = {isa = PBXFileReference; lastKnownFileType = sourcecode.swift; path = PeripheralViewController.swift; sourceTree = "<group>"; };
		DB267E0124C1A929004C83B2 /* PeripheralViewModel.swift */ = {isa = PBXFileReference; lastKnownFileType = sourcecode.swift; path = PeripheralViewModel.swift; sourceTree = "<group>"; };
		DB28F15B24C5325E00908C31 /* PermissionsViewController.swift */ = {isa = PBXFileReference; lastKnownFileType = sourcecode.swift; path = PermissionsViewController.swift; sourceTree = "<group>"; };
		DB28F15D24C533F000908C31 /* PermissionViewModel.swift */ = {isa = PBXFileReference; lastKnownFileType = sourcecode.swift; path = PermissionViewModel.swift; sourceTree = "<group>"; };
		DBE7188124C011E500EB9734 /* BlueToothScanner.app */ = {isa = PBXFileReference; explicitFileType = wrapper.application; includeInIndex = 0; path = BlueToothScanner.app; sourceTree = BUILT_PRODUCTS_DIR; };
		DBE7188424C011E500EB9734 /* AppDelegate.swift */ = {isa = PBXFileReference; lastKnownFileType = sourcecode.swift; path = AppDelegate.swift; sourceTree = "<group>"; };
		DBE7188B24C011E500EB9734 /* Base */ = {isa = PBXFileReference; lastKnownFileType = file.storyboard; name = Base; path = Base.lproj/Main.storyboard; sourceTree = "<group>"; };
		DBE7188D24C011E700EB9734 /* Assets.xcassets */ = {isa = PBXFileReference; lastKnownFileType = folder.assetcatalog; path = Assets.xcassets; sourceTree = "<group>"; };
		DBE7189024C011E700EB9734 /* Base */ = {isa = PBXFileReference; lastKnownFileType = file.storyboard; name = Base; path = Base.lproj/LaunchScreen.storyboard; sourceTree = "<group>"; };
		DBE7189224C011E700EB9734 /* Info.plist */ = {isa = PBXFileReference; lastKnownFileType = text.plist.xml; path = Info.plist; sourceTree = "<group>"; };
		DBE7189724C011E800EB9734 /* BlueToothScannerTests.xctest */ = {isa = PBXFileReference; explicitFileType = wrapper.cfbundle; includeInIndex = 0; path = BlueToothScannerTests.xctest; sourceTree = BUILT_PRODUCTS_DIR; };
		DBE7189D24C011E800EB9734 /* Info.plist */ = {isa = PBXFileReference; lastKnownFileType = text.plist.xml; path = Info.plist; sourceTree = "<group>"; };
		DBE718AB24C014FA00EB9734 /* BluetoothViewController.swift */ = {isa = PBXFileReference; lastKnownFileType = sourcecode.swift; path = BluetoothViewController.swift; sourceTree = "<group>"; };
		DBE718AE24C0171700EB9734 /* BluetoothViewModel.swift */ = {isa = PBXFileReference; lastKnownFileType = sourcecode.swift; path = BluetoothViewModel.swift; sourceTree = "<group>"; };
/* End PBXFileReference section */

/* Begin PBXFrameworksBuildPhase section */
		DBE7187E24C011E500EB9734 /* Frameworks */ = {
			isa = PBXFrameworksBuildPhase;
			buildActionMask = 2147483647;
			files = (
			);
			runOnlyForDeploymentPostprocessing = 0;
		};
		DBE7189424C011E800EB9734 /* Frameworks */ = {
			isa = PBXFrameworksBuildPhase;
			buildActionMask = 2147483647;
			files = (
			);
			runOnlyForDeploymentPostprocessing = 0;
		};
/* End PBXFrameworksBuildPhase section */

/* Begin PBXGroup section */
		DB2060EA24C53E66009E94B0 /* PermissionsViewController */ = {
			isa = PBXGroup;
			children = (
				DB28F15B24C5325E00908C31 /* PermissionsViewController.swift */,
			);
			path = PermissionsViewController;
			sourceTree = "<group>";
		};
		DB2060EB24C5474F009E94B0 /* FillterSettingViewController */ = {
			isa = PBXGroup;
			children = (
				DB2060EC24C54773009E94B0 /* FilterSettingViewController.swift */,
			);
			path = FillterSettingViewController;
			sourceTree = "<group>";
		};
		DB2060F524C57C08009E94B0 /* ViewModels */ = {
			isa = PBXGroup;
			children = (
				DB2060F324C57599009E94B0 /* TestBluetoothViewModel.swift */,
				DB2060F624C57ECA009E94B0 /* testPeripheralViewModel.swift */,
				DB2060F824C57F0B009E94B0 /* testFilterSettingViewModel.swift */,
			);
			path = ViewModels;
			sourceTree = "<group>";
		};
		DB2060FA24C5836A009E94B0 /* Viewcontrollers */ = {
			isa = PBXGroup;
			children = (
				DB2060FB24C583B9009E94B0 /* testFilterSettingViewController.swift */,
			);
			path = Viewcontrollers;
			sourceTree = "<group>";
		};
		DB267DE624C13F0B004C83B2 /* BluetoothViewController */ = {
			isa = PBXGroup;
			children = (
				DB267DE724C13F18004C83B2 /* Views */,
				DBE718AB24C014FA00EB9734 /* BluetoothViewController.swift */,
			);
			path = BluetoothViewController;
			sourceTree = "<group>";
		};
		DB267DE724C13F18004C83B2 /* Views */ = {
			isa = PBXGroup;
			children = (
				DB267DEC24C14BFC004C83B2 /* ScanDeviceTableViewCell.swift */,
				DB267DED24C14BFC004C83B2 /* ScanDeviceTableViewCell.xib */,
			);
			path = Views;
			sourceTree = "<group>";
		};
		DB267DF224C15F1C004C83B2 /* Service */ = {
			isa = PBXGroup;
			children = (
				DB267DF324C15F2B004C83B2 /* BluetoothService.swift */,
			);
			path = Service;
			sourceTree = "<group>";
		};
		DB267DFB24C18AEE004C83B2 /* Exentions */ = {
			isa = PBXGroup;
			children = (
				DB267DFC24C18B03004C83B2 /* UIViewController.swift */,
			);
			path = Exentions;
			sourceTree = "<group>";
		};
		DB267DFE24C1A563004C83B2 /* PeripheralViewController */ = {
			isa = PBXGroup;
			children = (
				DB267DFF24C1A588004C83B2 /* PeripheralViewController.swift */,
			);
			path = PeripheralViewController;
			sourceTree = "<group>";
		};
		DBE7187824C011E500EB9734 = {
			isa = PBXGroup;
			children = (
				DBE7188324C011E500EB9734 /* BlueToothScanner */,
				DBE7189A24C011E800EB9734 /* BlueToothScannerTests */,
				DBE7188224C011E500EB9734 /* Products */,
			);
			sourceTree = "<group>";
		};
		DBE7188224C011E500EB9734 /* Products */ = {
			isa = PBXGroup;
			children = (
				DBE7188124C011E500EB9734 /* BlueToothScanner.app */,
				DBE7189724C011E800EB9734 /* BlueToothScannerTests.xctest */,
			);
			name = Products;
			sourceTree = "<group>";
		};
		DBE7188324C011E500EB9734 /* BlueToothScanner */ = {
			isa = PBXGroup;
			children = (
				DB267DFB24C18AEE004C83B2 /* Exentions */,
				DB267DF224C15F1C004C83B2 /* Service */,
				DBE718AD24C016FF00EB9734 /* ViewModels */,
				DBE718A824C0120700EB9734 /* Network */,
				DBE718A724C0120200EB9734 /* Models */,
				DBE718A624C011FD00EB9734 /* Viewcontrollers */,
				DBE7188424C011E500EB9734 /* AppDelegate.swift */,
				DBE7188A24C011E500EB9734 /* Main.storyboard */,
				DBE7188D24C011E700EB9734 /* Assets.xcassets */,
				DBE7188F24C011E700EB9734 /* LaunchScreen.storyboard */,
				DBE7189224C011E700EB9734 /* Info.plist */,
			);
			path = BlueToothScanner;
			sourceTree = "<group>";
		};
		DBE7189A24C011E800EB9734 /* BlueToothScannerTests */ = {
			isa = PBXGroup;
			children = (
				DB2060FA24C5836A009E94B0 /* Viewcontrollers */,
				DB2060F524C57C08009E94B0 /* ViewModels */,
				DBE7189D24C011E800EB9734 /* Info.plist */,
				DB2060F224C57598009E94B0 /* BlueToothScannerTests-Bridging-Header.h */,
			);
			path = BlueToothScannerTests;
			sourceTree = "<group>";
		};
		DBE718A624C011FD00EB9734 /* Viewcontrollers */ = {
			isa = PBXGroup;
			children = (
				DB2060EB24C5474F009E94B0 /* FillterSettingViewController */,
				DB2060EA24C53E66009E94B0 /* PermissionsViewController */,
				DB267DFE24C1A563004C83B2 /* PeripheralViewController */,
				DB267DE624C13F0B004C83B2 /* BluetoothViewController */,
			);
			path = Viewcontrollers;
			sourceTree = "<group>";
		};
		DBE718A724C0120200EB9734 /* Models */ = {
			isa = PBXGroup;
			children = (
				DB267DF024C15424004C83B2 /* PeripheralModel.swift */,
				DB2060EE24C54C4F009E94B0 /* FilterModel.swift */,
			);
			path = Models;
			sourceTree = "<group>";
		};
		DBE718A824C0120700EB9734 /* Network */ = {
			isa = PBXGroup;
			children = (
			);
			path = Network;
			sourceTree = "<group>";
		};
		DBE718AD24C016FF00EB9734 /* ViewModels */ = {
			isa = PBXGroup;
			children = (
				DBE718AE24C0171700EB9734 /* BluetoothViewModel.swift */,
				DB267E0124C1A929004C83B2 /* PeripheralViewModel.swift */,
				DB28F15D24C533F000908C31 /* PermissionViewModel.swift */,
				DB2060F024C54D57009E94B0 /* FillterSettingViewModel.swift */,
			);
			path = ViewModels;
			sourceTree = "<group>";
		};
/* End PBXGroup section */

/* Begin PBXNativeTarget section */
		DBE7188024C011E500EB9734 /* BlueToothScanner */ = {
			isa = PBXNativeTarget;
			buildConfigurationList = DBE718A024C011E800EB9734 /* Build configuration list for PBXNativeTarget "BlueToothScanner" */;
			buildPhases = (
				DBE7187D24C011E500EB9734 /* Sources */,
				DBE7187E24C011E500EB9734 /* Frameworks */,
				DBE7187F24C011E500EB9734 /* Resources */,
			);
			buildRules = (
			);
			dependencies = (
			);
			name = BlueToothScanner;
			productName = BlueToothScanner;
			productReference = DBE7188124C011E500EB9734 /* BlueToothScanner.app */;
			productType = "com.apple.product-type.application";
		};
		DBE7189624C011E800EB9734 /* BlueToothScannerTests */ = {
			isa = PBXNativeTarget;
			buildConfigurationList = DBE718A324C011E800EB9734 /* Build configuration list for PBXNativeTarget "BlueToothScannerTests" */;
			buildPhases = (
				DBE7189324C011E800EB9734 /* Sources */,
				DBE7189424C011E800EB9734 /* Frameworks */,
				DBE7189524C011E800EB9734 /* Resources */,
			);
			buildRules = (
			);
			dependencies = (
				DBE7189924C011E800EB9734 /* PBXTargetDependency */,
			);
			name = BlueToothScannerTests;
			productName = BlueToothScannerTests;
			productReference = DBE7189724C011E800EB9734 /* BlueToothScannerTests.xctest */;
			productType = "com.apple.product-type.bundle.unit-test";
		};
/* End PBXNativeTarget section */

/* Begin PBXProject section */
		DBE7187924C011E500EB9734 /* Project object */ = {
			isa = PBXProject;
			attributes = {
				LastSwiftUpdateCheck = 1140;
				LastUpgradeCheck = 1140;
				ORGANIZATIONNAME = tuannv19;
				TargetAttributes = {
					DBE7188024C011E500EB9734 = {
						CreatedOnToolsVersion = 11.4;
					};
					DBE7189624C011E800EB9734 = {
						CreatedOnToolsVersion = 11.4;
						LastSwiftMigration = 1150;
						TestTargetID = DBE7188024C011E500EB9734;
					};
				};
			};
			buildConfigurationList = DBE7187C24C011E500EB9734 /* Build configuration list for PBXProject "BlueToothScanner" */;
			compatibilityVersion = "Xcode 9.3";
			developmentRegion = en;
			hasScannedForEncodings = 0;
			knownRegions = (
				en,
				Base,
			);
			mainGroup = DBE7187824C011E500EB9734;
			productRefGroup = DBE7188224C011E500EB9734 /* Products */;
			projectDirPath = "";
			projectRoot = "";
			targets = (
				DBE7188024C011E500EB9734 /* BlueToothScanner */,
				DBE7189624C011E800EB9734 /* BlueToothScannerTests */,
			);
		};
/* End PBXProject section */

/* Begin PBXResourcesBuildPhase section */
		DBE7187F24C011E500EB9734 /* Resources */ = {
			isa = PBXResourcesBuildPhase;
			buildActionMask = 2147483647;
			files = (
				DB267DEF24C14BFC004C83B2 /* ScanDeviceTableViewCell.xib in Resources */,
				DBE7189124C011E700EB9734 /* LaunchScreen.storyboard in Resources */,
				DBE7188E24C011E700EB9734 /* Assets.xcassets in Resources */,
				DBE7188C24C011E500EB9734 /* Main.storyboard in Resources */,
			);
			runOnlyForDeploymentPostprocessing = 0;
		};
		DBE7189524C011E800EB9734 /* Resources */ = {
			isa = PBXResourcesBuildPhase;
			buildActionMask = 2147483647;
			files = (
			);
			runOnlyForDeploymentPostprocessing = 0;
		};
/* End PBXResourcesBuildPhase section */

/* Begin PBXSourcesBuildPhase section */
		DBE7187D24C011E500EB9734 /* Sources */ = {
			isa = PBXSourcesBuildPhase;
			buildActionMask = 2147483647;
			files = (
				DB2060ED24C54773009E94B0 /* FilterSettingViewController.swift in Sources */,
				DB267DF124C15424004C83B2 /* PeripheralModel.swift in Sources */,
				DB267DEE24C14BFC004C83B2 /* ScanDeviceTableViewCell.swift in Sources */,
				DB28F15E24C533F000908C31 /* PermissionViewModel.swift in Sources */,
				DB2060F124C54D57009E94B0 /* FillterSettingViewModel.swift in Sources */,
				DBE718AC24C014FA00EB9734 /* BluetoothViewController.swift in Sources */,
				DBE718AF24C0171700EB9734 /* BluetoothViewModel.swift in Sources */,
				DB267E0024C1A588004C83B2 /* PeripheralViewController.swift in Sources */,
				DB28F15C24C5325E00908C31 /* PermissionsViewController.swift in Sources */,
				DB267E0224C1A929004C83B2 /* PeripheralViewModel.swift in Sources */,
				DB267DF424C15F2B004C83B2 /* BluetoothService.swift in Sources */,
				DB267DFD24C18B03004C83B2 /* UIViewController.swift in Sources */,
				DB2060EF24C54C4F009E94B0 /* FilterModel.swift in Sources */,
				DBE7188524C011E500EB9734 /* AppDelegate.swift in Sources */,
			);
			runOnlyForDeploymentPostprocessing = 0;
		};
		DBE7189324C011E800EB9734 /* Sources */ = {
			isa = PBXSourcesBuildPhase;
			buildActionMask = 2147483647;
			files = (
				DB2060FC24C583B9009E94B0 /* testFilterSettingViewController.swift in Sources */,
				DB2060F924C57F0B009E94B0 /* testFilterSettingViewModel.swift in Sources */,
				DB2060F724C57ECA009E94B0 /* testPeripheralViewModel.swift in Sources */,
				DB2060F424C57599009E94B0 /* TestBluetoothViewModel.swift in Sources */,
			);
			runOnlyForDeploymentPostprocessing = 0;
		};
/* End PBXSourcesBuildPhase section */

/* Begin PBXTargetDependency section */
		DBE7189924C011E800EB9734 /* PBXTargetDependency */ = {
			isa = PBXTargetDependency;
			target = DBE7188024C011E500EB9734 /* BlueToothScanner */;
			targetProxy = DBE7189824C011E800EB9734 /* PBXContainerItemProxy */;
		};
/* End PBXTargetDependency section */

/* Begin PBXVariantGroup section */
		DBE7188A24C011E500EB9734 /* Main.storyboard */ = {
			isa = PBXVariantGroup;
			children = (
				DBE7188B24C011E500EB9734 /* Base */,
			);
			name = Main.storyboard;
			sourceTree = "<group>";
		};
		DBE7188F24C011E700EB9734 /* LaunchScreen.storyboard */ = {
			isa = PBXVariantGroup;
			children = (
				DBE7189024C011E700EB9734 /* Base */,
			);
			name = LaunchScreen.storyboard;
			sourceTree = "<group>";
		};
/* End PBXVariantGroup section */

/* Begin XCBuildConfiguration section */
		DBE7189E24C011E800EB9734 /* Debug */ = {
			isa = XCBuildConfiguration;
			buildSettings = {
				ALWAYS_SEARCH_USER_PATHS = NO;
				CLANG_ANALYZER_NONNULL = YES;
				CLANG_ANALYZER_NUMBER_OBJECT_CONVERSION = YES_AGGRESSIVE;
				CLANG_CXX_LANGUAGE_STANDARD = "gnu++14";
				CLANG_CXX_LIBRARY = "libc++";
				CLANG_ENABLE_MODULES = YES;
				CLANG_ENABLE_OBJC_ARC = YES;
				CLANG_ENABLE_OBJC_WEAK = YES;
				CLANG_WARN_BLOCK_CAPTURE_AUTORELEASING = YES;
				CLANG_WARN_BOOL_CONVERSION = YES;
				CLANG_WARN_COMMA = YES;
				CLANG_WARN_CONSTANT_CONVERSION = YES;
				CLANG_WARN_DEPRECATED_OBJC_IMPLEMENTATIONS = YES;
				CLANG_WARN_DIRECT_OBJC_ISA_USAGE = YES_ERROR;
				CLANG_WARN_DOCUMENTATION_COMMENTS = YES;
				CLANG_WARN_EMPTY_BODY = YES;
				CLANG_WARN_ENUM_CONVERSION = YES;
				CLANG_WARN_INFINITE_RECURSION = YES;
				CLANG_WARN_INT_CONVERSION = YES;
				CLANG_WARN_NON_LITERAL_NULL_CONVERSION = YES;
				CLANG_WARN_OBJC_IMPLICIT_RETAIN_SELF = YES;
				CLANG_WARN_OBJC_LITERAL_CONVERSION = YES;
				CLANG_WARN_OBJC_ROOT_CLASS = YES_ERROR;
				CLANG_WARN_RANGE_LOOP_ANALYSIS = YES;
				CLANG_WARN_STRICT_PROTOTYPES = YES;
				CLANG_WARN_SUSPICIOUS_MOVE = YES;
				CLANG_WARN_UNGUARDED_AVAILABILITY = YES_AGGRESSIVE;
				CLANG_WARN_UNREACHABLE_CODE = YES;
				CLANG_WARN__DUPLICATE_METHOD_MATCH = YES;
				COPY_PHASE_STRIP = NO;
				DEBUG_INFORMATION_FORMAT = dwarf;
				ENABLE_STRICT_OBJC_MSGSEND = YES;
				ENABLE_TESTABILITY = YES;
				GCC_C_LANGUAGE_STANDARD = gnu11;
				GCC_DYNAMIC_NO_PIC = NO;
				GCC_NO_COMMON_BLOCKS = YES;
				GCC_OPTIMIZATION_LEVEL = 0;
				GCC_PREPROCESSOR_DEFINITIONS = (
					"DEBUG=1",
					"$(inherited)",
				);
				GCC_WARN_64_TO_32_BIT_CONVERSION = YES;
				GCC_WARN_ABOUT_RETURN_TYPE = YES_ERROR;
				GCC_WARN_UNDECLARED_SELECTOR = YES;
				GCC_WARN_UNINITIALIZED_AUTOS = YES_AGGRESSIVE;
				GCC_WARN_UNUSED_FUNCTION = YES;
				GCC_WARN_UNUSED_VARIABLE = YES;
				IPHONEOS_DEPLOYMENT_TARGET = 13.4;
				MTL_ENABLE_DEBUG_INFO = INCLUDE_SOURCE;
				MTL_FAST_MATH = YES;
				ONLY_ACTIVE_ARCH = YES;
				SDKROOT = iphoneos;
				SWIFT_ACTIVE_COMPILATION_CONDITIONS = DEBUG;
				SWIFT_OPTIMIZATION_LEVEL = "-Onone";
			};
			name = Debug;
		};
		DBE7189F24C011E800EB9734 /* Release */ = {
			isa = XCBuildConfiguration;
			buildSettings = {
				ALWAYS_SEARCH_USER_PATHS = NO;
				CLANG_ANALYZER_NONNULL = YES;
				CLANG_ANALYZER_NUMBER_OBJECT_CONVERSION = YES_AGGRESSIVE;
				CLANG_CXX_LANGUAGE_STANDARD = "gnu++14";
				CLANG_CXX_LIBRARY = "libc++";
				CLANG_ENABLE_MODULES = YES;
				CLANG_ENABLE_OBJC_ARC = YES;
				CLANG_ENABLE_OBJC_WEAK = YES;
				CLANG_WARN_BLOCK_CAPTURE_AUTORELEASING = YES;
				CLANG_WARN_BOOL_CONVERSION = YES;
				CLANG_WARN_COMMA = YES;
				CLANG_WARN_CONSTANT_CONVERSION = YES;
				CLANG_WARN_DEPRECATED_OBJC_IMPLEMENTATIONS = YES;
				CLANG_WARN_DIRECT_OBJC_ISA_USAGE = YES_ERROR;
				CLANG_WARN_DOCUMENTATION_COMMENTS = YES;
				CLANG_WARN_EMPTY_BODY = YES;
				CLANG_WARN_ENUM_CONVERSION = YES;
				CLANG_WARN_INFINITE_RECURSION = YES;
				CLANG_WARN_INT_CONVERSION = YES;
				CLANG_WARN_NON_LITERAL_NULL_CONVERSION = YES;
				CLANG_WARN_OBJC_IMPLICIT_RETAIN_SELF = YES;
				CLANG_WARN_OBJC_LITERAL_CONVERSION = YES;
				CLANG_WARN_OBJC_ROOT_CLASS = YES_ERROR;
				CLANG_WARN_RANGE_LOOP_ANALYSIS = YES;
				CLANG_WARN_STRICT_PROTOTYPES = YES;
				CLANG_WARN_SUSPICIOUS_MOVE = YES;
				CLANG_WARN_UNGUARDED_AVAILABILITY = YES_AGGRESSIVE;
				CLANG_WARN_UNREACHABLE_CODE = YES;
				CLANG_WARN__DUPLICATE_METHOD_MATCH = YES;
				COPY_PHASE_STRIP = NO;
				DEBUG_INFORMATION_FORMAT = "dwarf-with-dsym";
				ENABLE_NS_ASSERTIONS = NO;
				ENABLE_STRICT_OBJC_MSGSEND = YES;
				GCC_C_LANGUAGE_STANDARD = gnu11;
				GCC_NO_COMMON_BLOCKS = YES;
				GCC_WARN_64_TO_32_BIT_CONVERSION = YES;
				GCC_WARN_ABOUT_RETURN_TYPE = YES_ERROR;
				GCC_WARN_UNDECLARED_SELECTOR = YES;
				GCC_WARN_UNINITIALIZED_AUTOS = YES_AGGRESSIVE;
				GCC_WARN_UNUSED_FUNCTION = YES;
				GCC_WARN_UNUSED_VARIABLE = YES;
				IPHONEOS_DEPLOYMENT_TARGET = 13.4;
				MTL_ENABLE_DEBUG_INFO = NO;
				MTL_FAST_MATH = YES;
				SDKROOT = iphoneos;
				SWIFT_COMPILATION_MODE = wholemodule;
				SWIFT_OPTIMIZATION_LEVEL = "-O";
				VALIDATE_PRODUCT = YES;
			};
			name = Release;
		};
		DBE718A124C011E800EB9734 /* Debug */ = {
			isa = XCBuildConfiguration;
			buildSettings = {
				ASSETCATALOG_COMPILER_APPICON_NAME = AppIcon;
				CODE_SIGN_STYLE = Automatic;
				DEVELOPMENT_TEAM = 97PJV9YA25;
				INFOPLIST_FILE = BlueToothScanner/Info.plist;
				IPHONEOS_DEPLOYMENT_TARGET = 12.0;
				LD_RUNPATH_SEARCH_PATHS = (
					"$(inherited)",
					"@executable_path/Frameworks",
				);
				PRODUCT_BUNDLE_IDENTIFIER = vn.vn.BlueToothScanner;
				PRODUCT_NAME = "$(TARGET_NAME)";
				SWIFT_VERSION = 5.0;
				TARGETED_DEVICE_FAMILY = "1,2";
			};
			name = Debug;
		};
		DBE718A224C011E800EB9734 /* Release */ = {
			isa = XCBuildConfiguration;
			buildSettings = {
				ASSETCATALOG_COMPILER_APPICON_NAME = AppIcon;
				CODE_SIGN_STYLE = Automatic;
				DEVELOPMENT_TEAM = 97PJV9YA25;
				INFOPLIST_FILE = BlueToothScanner/Info.plist;
				IPHONEOS_DEPLOYMENT_TARGET = 12.0;
				LD_RUNPATH_SEARCH_PATHS = (
					"$(inherited)",
					"@executable_path/Frameworks",
				);
				PRODUCT_BUNDLE_IDENTIFIER = vn.vn.BlueToothScanner;
				PRODUCT_NAME = "$(TARGET_NAME)";
				SWIFT_VERSION = 5.0;
				TARGETED_DEVICE_FAMILY = "1,2";
			};
			name = Release;
		};
		DBE718A424C011E800EB9734 /* Debug */ = {
			isa = XCBuildConfiguration;
			buildSettings = {
				ALWAYS_EMBED_SWIFT_STANDARD_LIBRARIES = YES;
				BUNDLE_LOADER = "$(TEST_HOST)";
				CLANG_ENABLE_MODULES = YES;
				CODE_SIGN_STYLE = Automatic;
				INFOPLIST_FILE = BlueToothScannerTests/Info.plist;
				IPHONEOS_DEPLOYMENT_TARGET = 13.4;
				LD_RUNPATH_SEARCH_PATHS = (
					"$(inherited)",
					"@executable_path/Frameworks",
					"@loader_path/Frameworks",
				);
				PRODUCT_BUNDLE_IDENTIFIER = vnn.vn.BlueToothScannerTests;
				PRODUCT_NAME = "$(TARGET_NAME)";
				SWIFT_OBJC_BRIDGING_HEADER = "BlueToothScannerTests/BlueToothScannerTests-Bridging-Header.h";
				SWIFT_OPTIMIZATION_LEVEL = "-Onone";
				SWIFT_VERSION = 5.0;
				TARGETED_DEVICE_FAMILY = "1,2";
				TEST_HOST = "$(BUILT_PRODUCTS_DIR)/BlueToothScanner.app/BlueToothScanner";
			};
			name = Debug;
		};
		DBE718A524C011E800EB9734 /* Release */ = {
			isa = XCBuildConfiguration;
			buildSettings = {
				ALWAYS_EMBED_SWIFT_STANDARD_LIBRARIES = YES;
				BUNDLE_LOADER = "$(TEST_HOST)";
				CLANG_ENABLE_MODULES = YES;
				CODE_SIGN_STYLE = Automatic;
				INFOPLIST_FILE = BlueToothScannerTests/Info.plist;
				IPHONEOS_DEPLOYMENT_TARGET = 13.4;
				LD_RUNPATH_SEARCH_PATHS = (
					"$(inherited)",
					"@executable_path/Frameworks",
					"@loader_path/Frameworks",
				);
				PRODUCT_BUNDLE_IDENTIFIER = vnn.vn.BlueToothScannerTests;
				PRODUCT_NAME = "$(TARGET_NAME)";
				SWIFT_OBJC_BRIDGING_HEADER = "BlueToothScannerTests/BlueToothScannerTests-Bridging-Header.h";
				SWIFT_VERSION = 5.0;
				TARGETED_DEVICE_FAMILY = "1,2";
				TEST_HOST = "$(BUILT_PRODUCTS_DIR)/BlueToothScanner.app/BlueToothScanner";
			};
			name = Release;
		};
/* End XCBuildConfiguration section */

/* Begin XCConfigurationList section */
		DBE7187C24C011E500EB9734 /* Build configuration list for PBXProject "BlueToothScanner" */ = {
			isa = XCConfigurationList;
			buildConfigurations = (
				DBE7189E24C011E800EB9734 /* Debug */,
				DBE7189F24C011E800EB9734 /* Release */,
			);
			defaultConfigurationIsVisible = 0;
			defaultConfigurationName = Release;
		};
		DBE718A024C011E800EB9734 /* Build configuration list for PBXNativeTarget "BlueToothScanner" */ = {
			isa = XCConfigurationList;
			buildConfigurations = (
				DBE718A124C011E800EB9734 /* Debug */,
				DBE718A224C011E800EB9734 /* Release */,
			);
			defaultConfigurationIsVisible = 0;
			defaultConfigurationName = Release;
		};
		DBE718A324C011E800EB9734 /* Build configuration list for PBXNativeTarget "BlueToothScannerTests" */ = {
			isa = XCConfigurationList;
			buildConfigurations = (
				DBE718A424C011E800EB9734 /* Debug */,
				DBE718A524C011E800EB9734 /* Release */,
			);
			defaultConfigurationIsVisible = 0;
			defaultConfigurationName = Release;
		};
/* End XCConfigurationList section */
	};
	rootObject = DBE7187924C011E500EB9734 /* Project object */;
}
