// !$*UTF8*$!
{
	archiveVersion = 1;
	classes = {
	};
	objectVersion = 50;
	objects = {

/* Begin PBXBuildFile section */
		DB267DE924C13F3F004C83B2 /* ScanningHeaderTableVIew.xib in Resources */ = {isa = PBXBuildFile; fileRef = DB267DE824C13F3F004C83B2 /* ScanningHeaderTableVIew.xib */; };
		DBE7188524C011E500EB9734 /* AppDelegate.swift in Sources */ = {isa = PBXBuildFile; fileRef = DBE7188424C011E500EB9734 /* AppDelegate.swift */; };
		DBE7188C24C011E500EB9734 /* Main.storyboard in Resources */ = {isa = PBXBuildFile; fileRef = DBE7188A24C011E500EB9734 /* Main.storyboard */; };
		DBE7188E24C011E700EB9734 /* Assets.xcassets in Resources */ = {isa = PBXBuildFile; fileRef = DBE7188D24C011E700EB9734 /* Assets.xcassets */; };
		DBE7189124C011E700EB9734 /* LaunchScreen.storyboard in Resources */ = {isa = PBXBuildFile; fileRef = DBE7188F24C011E700EB9734 /* LaunchScreen.storyboard */; };
		DBE7189C24C011E800EB9734 /* BlueToothScannerTests.swift in Sources */ = {isa = PBXBuildFile; fileRef = DBE7189B24C011E800EB9734 /* BlueToothScannerTests.swift */; };
		DBE718AC24C014FA00EB9734 /* BluetoothViewController.swift in Sources */ = {isa = PBXBuildFile; fileRef = DBE718AB24C014FA00EB9734 /* BluetoothViewController.swift */; };
		DBE718AF24C0171700EB9734 /* BluetoothViewModel.swift in Sources */ = {isa = PBXBuildFile; fileRef = DBE718AE24C0171700EB9734 /* BluetoothViewModel.swift */; };
/* End PBXBuildFile section */

/* Begin PBXContainerItemProxy section */
		DBE7189824C011E800EB9734 /* PBXContainerItemProxy */ = {
			isa = PBXContainerItemProxy;
			containerPortal = DBE7187924C011E500EB9734 /* Project object */;
			proxyType = 1;
			remoteGlobalIDString = DBE7188024C011E500EB9734;
			remoteInfo = BlueToothScanner;
		};
/* End PBXContainerItemProxy section */

/* Begin PBXFileReference section */
		DB267DE824C13F3F004C83B2 /* ScanningHeaderTableVIew.xib */ = {isa = PBXFileReference; lastKnownFileType = file.xib; path = ScanningHeaderTableVIew.xib; sourceTree = "<group>"; };
		DBE7188124C011E500EB9734 /* BlueToothScanner.app */ = {isa = PBXFileReference; explicitFileType = wrapper.application; includeInIndex = 0; path = BlueToothScanner.app; sourceTree = BUILT_PRODUCTS_DIR; };
		DBE7188424C011E500EB9734 /* AppDelegate.swift */ = {isa = PBXFileReference; lastKnownFileType = sourcecode.swift; path = AppDelegate.swift; sourceTree = "<group>"; };
		DBE7188B24C011E500EB9734 /* Base */ = {isa = PBXFileReference; lastKnownFileType = file.storyboard; name = Base; path = Base.lproj/Main.storyboard; sourceTree = "<group>"; };
		DBE7188D24C011E700EB9734 /* Assets.xcassets */ = {isa = PBXFileReference; lastKnownFileType = folder.assetcatalog; path = Assets.xcassets; sourceTree = "<group>"; };
		DBE7189024C011E700EB9734 /* Base */ = {isa = PBXFileReference; lastKnownFileType = file.storyboard; name = Base; path = Base.lproj/LaunchScreen.storyboard; sourceTree = "<group>"; };
		DBE7189224C011E700EB9734 /* Info.plist */ = {isa = PBXFileReference; lastKnownFileType = text.plist.xml; path = Info.plist; sourceTree = "<group>"; };
		DBE7189724C011E800EB9734 /* BlueToothScannerTests.xctest */ = {isa = PBXFileReference; explicitFileType = wrapper.cfbundle; includeInIndex = 0; path = BlueToothScannerTests.xctest; sourceTree = BUILT_PRODUCTS_DIR; };
		DBE7189B24C011E800EB9734 /* BlueToothScannerTests.swift */ = {isa = PBXFileReference; lastKnownFileType = sourcecode.swift; path = BlueToothScannerTests.swift; sourceTree = "<group>"; };
		DBE7189D24C011E800EB9734 /* Info.plist */ = {isa = PBXFileReference; lastKnownFileType = text.plist.xml; path = Info.plist; sourceTree = "<group>"; };
		DBE718AB24C014FA00EB9734 /* BluetoothViewController.swift */ = {isa = PBXFileReference; lastKnownFileType = sourcecode.swift; path = BluetoothViewController.swift; sourceTree = "<group>"; };
		DBE718AE24C0171700EB9734 /* BluetoothViewModel.swift */ = {isa = PBXFileReference; lastKnownFileType = sourcecode.swift; path = BluetoothViewModel.swift; sourceTree = "<group>"; };
/* End PBXFileReference section */

/* Begin PBXFrameworksBuildPhase section */
		DBE7187E24C011E500EB9734 /* Frameworks */ = {
			isa = PBXFrameworksBuildPhase;
			buildActionMask = 2147483647;
			files = (
			);
			runOnlyForDeploymentPostprocessing = 0;
		};
		DBE7189424C011E800EB9734 /* Frameworks */ = {
			isa = PBXFrameworksBuildPhase;
			buildActionMask = 2147483647;
			files = (
			);
			runOnlyForDeploymentPostprocessing = 0;
		};
/* End PBXFrameworksBuildPhase section */

/* Begin PBXGroup section */
		DB267DE624C13F0B004C83B2 /* BluetoothViewController */ = {
			isa = PBXGroup;
			children = (
				DB267DE724C13F18004C83B2 /* Views */,
				DBE718AB24C014FA00EB9734 /* BluetoothViewController.swift */,
			);
			path = BluetoothViewController;
			sourceTree = "<group>";
		};
		DB267DE724C13F18004C83B2 /* Views */ = {
			isa = PBXGroup;
			children = (
				DB267DE824C13F3F004C83B2 /* ScanningHeaderTableVIew.xib */,
			);
			path = Views;
			sourceTree = "<group>";
		};
		DBE7187824C011E500EB9734 = {
			isa = PBXGroup;
			children = (
				DBE7188324C011E500EB9734 /* BlueToothScanner */,
				DBE7189A24C011E800EB9734 /* BlueToothScannerTests */,
				DBE7188224C011E500EB9734 /* Products */,
			);
			sourceTree = "<group>";
		};
		DBE7188224C011E500EB9734 /* Products */ = {
			isa = PBXGroup;
			children = (
				DBE7188124C011E500EB9734 /* BlueToothScanner.app */,
				DBE7189724C011E800EB9734 /* BlueToothScannerTests.xctest */,
			);
			name = Products;
			sourceTree = "<group>";
		};
		DBE7188324C011E500EB9734 /* BlueToothScanner */ = {
			isa = PBXGroup;
			children = (
				DBE718AD24C016FF00EB9734 /* ViewModels */,
				DBE718A924C0139500EB9734 /* Views */,
				DBE718A824C0120700EB9734 /* Network */,
				DBE718A724C0120200EB9734 /* Models */,
				DBE718A624C011FD00EB9734 /* Viewcontrollers */,
				DBE7188424C011E500EB9734 /* AppDelegate.swift */,
				DBE7188A24C011E500EB9734 /* Main.storyboard */,
				DBE7188D24C011E700EB9734 /* Assets.xcassets */,
				DBE7188F24C011E700EB9734 /* LaunchScreen.storyboard */,
				DBE7189224C011E700EB9734 /* Info.plist */,
			);
			path = BlueToothScanner;
			sourceTree = "<group>";
		};
		DBE7189A24C011E800EB9734 /* BlueToothScannerTests */ = {
			isa = PBXGroup;
			children = (
				DBE7189B24C011E800EB9734 /* BlueToothScannerTests.swift */,
				DBE7189D24C011E800EB9734 /* Info.plist */,
			);
			path = BlueToothScannerTests;
			sourceTree = "<group>";
		};
		DBE718A624C011FD00EB9734 /* Viewcontrollers */ = {
			isa = PBXGroup;
			children = (
				DB267DE624C13F0B004C83B2 /* BluetoothViewController */,
			);
			path = Viewcontrollers;
			sourceTree = "<group>";
		};
		DBE718A724C0120200EB9734 /* Models */ = {
			isa = PBXGroup;
			children = (
			);
			path = Models;
			sourceTree = "<group>";
		};
		DBE718A824C0120700EB9734 /* Network */ = {
			isa = PBXGroup;
			children = (
			);
			path = Network;
			sourceTree = "<group>";
		};
		DBE718A924C0139500EB9734 /* Views */ = {
			isa = PBXGroup;
			children = (
			);
			path = Views;
			sourceTree = "<group>";
		};
		DBE718AD24C016FF00EB9734 /* ViewModels */ = {
			isa = PBXGroup;
			children = (
				DBE718AE24C0171700EB9734 /* BluetoothViewModel.swift */,
			);
			path = ViewModels;
			sourceTree = "<group>";
		};
/* End PBXGroup section */

/* Begin PBXNativeTarget section */
		DBE7188024C011E500EB9734 /* BlueToothScanner */ = {
			isa = PBXNativeTarget;
			buildConfigurationList = DBE718A024C011E800EB9734 /* Build configuration list for PBXNativeTarget "BlueToothScanner" */;
			buildPhases = (
				DBE7187D24C011E500EB9734 /* Sources */,
				DBE7187E24C011E500EB9734 /* Frameworks */,
				DBE7187F24C011E500EB9734 /* Resources */,
			);
			buildRules = (
			);
			dependencies = (
			);
			name = BlueToothScanner;
			productName = BlueToothScanner;
			productReference = DBE7188124C011E500EB9734 /* BlueToothScanner.app */;
			productType = "com.apple.product-type.application";
		};
		DBE7189624C011E800EB9734 /* BlueToothScannerTests */ = {
			isa = PBXNativeTarget;
			buildConfigurationList = DBE718A324C011E800EB9734 /* Build configuration list for PBXNativeTarget "BlueToothScannerTests" */;
			buildPhases = (
				DBE7189324C011E800EB9734 /* Sources */,
				DBE7189424C011E800EB9734 /* Frameworks */,
				DBE7189524C011E800EB9734 /* Resources */,
			);
			buildRules = (
			);
			dependencies = (
				DBE7189924C011E800EB9734 /* PBXTargetDependency */,
			);
			name = BlueToothScannerTests;
			productName = BlueToothScannerTests;
			productReference = DBE7189724C011E800EB9734 /* BlueToothScannerTests.xctest */;
			productType = "com.apple.product-type.bundle.unit-test";
		};
/* End PBXNativeTarget section */

/* Begin PBXProject section */
		DBE7187924C011E500EB9734 /* Project object */ = {
			isa = PBXProject;
			attributes = {
				LastSwiftUpdateCheck = 1140;
				LastUpgradeCheck = 1140;
				ORGANIZATIONNAME = tuannv19;
				TargetAttributes = {
					DBE7188024C011E500EB9734 = {
						CreatedOnToolsVersion = 11.4;
					};
					DBE7189624C011E800EB9734 = {
						CreatedOnToolsVersion = 11.4;
						TestTargetID = DBE7188024C011E500EB9734;
					};
				};
			};
			buildConfigurationList = DBE7187C24C011E500EB9734 /* Build configuration list for PBXProject "BlueToothScanner" */;
			compatibilityVersion = "Xcode 9.3";
			developmentRegion = en;
			hasScannedForEncodings = 0;
			knownRegions = (
				en,
				Base,
			);
			mainGroup = DBE7187824C011E500EB9734;
			productRefGroup = DBE7188224C011E500EB9734 /* Products */;
			projectDirPath = "";
			projectRoot = "";
			targets = (
				DBE7188024C011E500EB9734 /* BlueToothScanner */,
				DBE7189624C011E800EB9734 /* BlueToothScannerTests */,
			);
		};
/* End PBXProject section */

/* Begin PBXResourcesBuildPhase section */
		DBE7187F24C011E500EB9734 /* Resources */ = {
			isa = PBXResourcesBuildPhase;
			buildActionMask = 2147483647;
			files = (
				DBE7189124C011E700EB9734 /* LaunchScreen.storyboard in Resources */,
				DB267DE924C13F3F004C83B2 /* ScanningHeaderTableVIew.xib in Resources */,
				DBE7188E24C011E700EB9734 /* Assets.xcassets in Resources */,
				DBE7188C24C011E500EB9734 /* Main.storyboard in Resources */,
			);
			runOnlyForDeploymentPostprocessing = 0;
		};
		DBE7189524C011E800EB9734 /* Resources */ = {
			isa = PBXResourcesBuildPhase;
			buildActionMask = 2147483647;
			files = (
			);
			runOnlyForDeploymentPostprocessing = 0;
		};
/* End PBXResourcesBuildPhase section */

/* Begin PBXSourcesBuildPhase section */
		DBE7187D24C011E500EB9734 /* Sources */ = {
			isa = PBXSourcesBuildPhase;
			buildActionMask = 2147483647;
			files = (
				DBE718AC24C014FA00EB9734 /* BluetoothViewController.swift in Sources */,
				DBE718AF24C0171700EB9734 /* BluetoothViewModel.swift in Sources */,
				DBE7188524C011E500EB9734 /* AppDelegate.swift in Sources */,
			);
			runOnlyForDeploymentPostprocessing = 0;
		};
		DBE7189324C011E800EB9734 /* Sources */ = {
			isa = PBXSourcesBuildPhase;
			buildActionMask = 2147483647;
			files = (
				DBE7189C24C011E800EB9734 /* BlueToothScannerTests.swift in Sources */,
			);
			runOnlyForDeploymentPostprocessing = 0;
		};
/* End PBXSourcesBuildPhase section */

/* Begin PBXTargetDependency section */
		DBE7189924C011E800EB9734 /* PBXTargetDependency */ = {
			isa = PBXTargetDependency;
			target = DBE7188024C011E500EB9734 /* BlueToothScanner */;
			targetProxy = DBE7189824C011E800EB9734 /* PBXContainerItemProxy */;
		};
/* End PBXTargetDependency section */

/* Begin PBXVariantGroup section */
		DBE7188A24C011E500EB9734 /* Main.storyboard */ = {
			isa = PBXVariantGroup;
			children = (
				DBE7188B24C011E500EB9734 /* Base */,
			);
			name = Main.storyboard;
			sourceTree = "<group>";
		};
		DBE7188F24C011E700EB9734 /* LaunchScreen.storyboard */ = {
			isa = PBXVariantGroup;
			children = (
				DBE7189024C011E700EB9734 /* Base */,
			);
			name = LaunchScreen.storyboard;
			sourceTree = "<group>";
		};
/* End PBXVariantGroup section */

/* Begin XCBuildConfiguration section */
		DBE7189E24C011E800EB9734 /* Debug */ = {
			isa = XCBuildConfiguration;
			buildSettings = {
				ALWAYS_SEARCH_USER_PATHS = NO;
				CLANG_ANALYZER_NONNULL = YES;
				CLANG_ANALYZER_NUMBER_OBJECT_CONVERSION = YES_AGGRESSIVE;
				CLANG_CXX_LANGUAGE_STANDARD = "gnu++14";
				CLANG_CXX_LIBRARY = "libc++";
				CLANG_ENABLE_MODULES = YES;
				CLANG_ENABLE_OBJC_ARC = YES;
				CLANG_ENABLE_OBJC_WEAK = YES;
				CLANG_WARN_BLOCK_CAPTURE_AUTORELEASING = YES;
				CLANG_WARN_BOOL_CONVERSION = YES;
				CLANG_WARN_COMMA = YES;
				CLANG_WARN_CONSTANT_CONVERSION = YES;
				CLANG_WARN_DEPRECATED_OBJC_IMPLEMENTATIONS = YES;
				CLANG_WARN_DIRECT_OBJC_ISA_USAGE = YES_ERROR;
				CLANG_WARN_DOCUMENTATION_COMMENTS = YES;
				CLANG_WARN_EMPTY_BODY = YES;
				CLANG_WARN_ENUM_CONVERSION = YES;
				CLANG_WARN_INFINITE_RECURSION = YES;
				CLANG_WARN_INT_CONVERSION = YES;
				CLANG_WARN_NON_LITERAL_NULL_CONVERSION = YES;
				CLANG_WARN_OBJC_IMPLICIT_RETAIN_SELF = YES;
				CLANG_WARN_OBJC_LITERAL_CONVERSION = YES;
				CLANG_WARN_OBJC_ROOT_CLASS = YES_ERROR;
				CLANG_WARN_RANGE_LOOP_ANALYSIS = YES;
				CLANG_WARN_STRICT_PROTOTYPES = YES;
				CLANG_WARN_SUSPICIOUS_MOVE = YES;
				CLANG_WARN_UNGUARDED_AVAILABILITY = YES_AGGRESSIVE;
				CLANG_WARN_UNREACHABLE_CODE = YES;
				CLANG_WARN__DUPLICATE_METHOD_MATCH = YES;
				COPY_PHASE_STRIP = NO;
				DEBUG_INFORMATION_FORMAT = dwarf;
				ENABLE_STRICT_OBJC_MSGSEND = YES;
				ENABLE_TESTABILITY = YES;
				GCC_C_LANGUAGE_STANDARD = gnu11;
				GCC_DYNAMIC_NO_PIC = NO;
				GCC_NO_COMMON_BLOCKS = YES;
				GCC_OPTIMIZATION_LEVEL = 0;
				GCC_PREPROCESSOR_DEFINITIONS = (
					"DEBUG=1",
					"$(inherited)",
				);
				GCC_WARN_64_TO_32_BIT_CONVERSION = YES;
				GCC_WARN_ABOUT_RETURN_TYPE = YES_ERROR;
				GCC_WARN_UNDECLARED_SELECTOR = YES;
				GCC_WARN_UNINITIALIZED_AUTOS = YES_AGGRESSIVE;
				GCC_WARN_UNUSED_FUNCTION = YES;
				GCC_WARN_UNUSED_VARIABLE = YES;
				IPHONEOS_DEPLOYMENT_TARGET = 13.4;
				MTL_ENABLE_DEBUG_INFO = INCLUDE_SOURCE;
				MTL_FAST_MATH = YES;
				ONLY_ACTIVE_ARCH = YES;
				SDKROOT = iphoneos;
				SWIFT_ACTIVE_COMPILATION_CONDITIONS = DEBUG;
				SWIFT_OPTIMIZATION_LEVEL = "-Onone";
			};
			name = Debug;
		};
		DBE7189F24C011E800EB9734 /* Release */ = {
			isa = XCBuildConfiguration;
			buildSettings = {
				ALWAYS_SEARCH_USER_PATHS = NO;
				CLANG_ANALYZER_NONNULL = YES;
				CLANG_ANALYZER_NUMBER_OBJECT_CONVERSION = YES_AGGRESSIVE;
				CLANG_CXX_LANGUAGE_STANDARD = "gnu++14";
				CLANG_CXX_LIBRARY = "libc++";
				CLANG_ENABLE_MODULES = YES;
				CLANG_ENABLE_OBJC_ARC = YES;
				CLANG_ENABLE_OBJC_WEAK = YES;
				CLANG_WARN_BLOCK_CAPTURE_AUTORELEASING = YES;
				CLANG_WARN_BOOL_CONVERSION = YES;
				CLANG_WARN_COMMA = YES;
				CLANG_WARN_CONSTANT_CONVERSION = YES;
				CLANG_WARN_DEPRECATED_OBJC_IMPLEMENTATIONS = YES;
				CLANG_WARN_DIRECT_OBJC_ISA_USAGE = YES_ERROR;
				CLANG_WARN_DOCUMENTATION_COMMENTS = YES;
				CLANG_WARN_EMPTY_BODY = YES;
				CLANG_WARN_ENUM_CONVERSION = YES;
				CLANG_WARN_INFINITE_RECURSION = YES;
				CLANG_WARN_INT_CONVERSION = YES;
				CLANG_WARN_NON_LITERAL_NULL_CONVERSION = YES;
				CLANG_WARN_OBJC_IMPLICIT_RETAIN_SELF = YES;
				CLANG_WARN_OBJC_LITERAL_CONVERSION = YES;
				CLANG_WARN_OBJC_ROOT_CLASS = YES_ERROR;
				CLANG_WARN_RANGE_LOOP_ANALYSIS = YES;
				CLANG_WARN_STRICT_PROTOTYPES = YES;
				CLANG_WARN_SUSPICIOUS_MOVE = YES;
				CLANG_WARN_UNGUARDED_AVAILABILITY = YES_AGGRESSIVE;
				CLANG_WARN_UNREACHABLE_CODE = YES;
				CLANG_WARN__DUPLICATE_METHOD_MATCH = YES;
				COPY_PHASE_STRIP = NO;
				DEBUG_INFORMATION_FORMAT = "dwarf-with-dsym";
				ENABLE_NS_ASSERTIONS = NO;
				ENABLE_STRICT_OBJC_MSGSEND = YES;
				GCC_C_LANGUAGE_STANDARD = gnu11;
				GCC_NO_COMMON_BLOCKS = YES;
				GCC_WARN_64_TO_32_BIT_CONVERSION = YES;
				GCC_WARN_ABOUT_RETURN_TYPE = YES_ERROR;
				GCC_WARN_UNDECLARED_SELECTOR = YES;
				GCC_WARN_UNINITIALIZED_AUTOS = YES_AGGRESSIVE;
				GCC_WARN_UNUSED_FUNCTION = YES;
				GCC_WARN_UNUSED_VARIABLE = YES;
				IPHONEOS_DEPLOYMENT_TARGET = 13.4;
				MTL_ENABLE_DEBUG_INFO = NO;
				MTL_FAST_MATH = YES;
				SDKROOT = iphoneos;
				SWIFT_COMPILATION_MODE = wholemodule;
				SWIFT_OPTIMIZATION_LEVEL = "-O";
				VALIDATE_PRODUCT = YES;
			};
			name = Release;
		};
		DBE718A124C011E800EB9734 /* Debug */ = {
			isa = XCBuildConfiguration;
			buildSettings = {
				ASSETCATALOG_COMPILER_APPICON_NAME = AppIcon;
				CODE_SIGN_STYLE = Automatic;
				DEVELOPMENT_TEAM = 97PJV9YA25;
				INFOPLIST_FILE = BlueToothScanner/Info.plist;
				IPHONEOS_DEPLOYMENT_TARGET = 12.0;
				LD_RUNPATH_SEARCH_PATHS = (
					"$(inherited)",
					"@executable_path/Frameworks",
				);
				PRODUCT_BUNDLE_IDENTIFIER = vn.vn.BlueToothScanner;
				PRODUCT_NAME = "$(TARGET_NAME)";
				SWIFT_VERSION = 5.0;
				TARGETED_DEVICE_FAMILY = "1,2";
			};
			name = Debug;
		};
		DBE718A224C011E800EB9734 /* Release */ = {
			isa = XCBuildConfiguration;
			buildSettings = {
				ASSETCATALOG_COMPILER_APPICON_NAME = AppIcon;
				CODE_SIGN_STYLE = Automatic;
				DEVELOPMENT_TEAM = 97PJV9YA25;
				INFOPLIST_FILE = BlueToothScanner/Info.plist;
				IPHONEOS_DEPLOYMENT_TARGET = 12.0;
				LD_RUNPATH_SEARCH_PATHS = (
					"$(inherited)",
					"@executable_path/Frameworks",
				);
				PRODUCT_BUNDLE_IDENTIFIER = vn.vn.BlueToothScanner;
				PRODUCT_NAME = "$(TARGET_NAME)";
				SWIFT_VERSION = 5.0;
				TARGETED_DEVICE_FAMILY = "1,2";
			};
			name = Release;
		};
		DBE718A424C011E800EB9734 /* Debug */ = {
			isa = XCBuildConfiguration;
			buildSettings = {
				ALWAYS_EMBED_SWIFT_STANDARD_LIBRARIES = YES;
				BUNDLE_LOADER = "$(TEST_HOST)";
				CODE_SIGN_STYLE = Automatic;
				INFOPLIST_FILE = BlueToothScannerTests/Info.plist;
				IPHONEOS_DEPLOYMENT_TARGET = 13.4;
				LD_RUNPATH_SEARCH_PATHS = (
					"$(inherited)",
					"@executable_path/Frameworks",
					"@loader_path/Frameworks",
				);
				PRODUCT_BUNDLE_IDENTIFIER = vnn.vn.BlueToothScannerTests;
				PRODUCT_NAME = "$(TARGET_NAME)";
				SWIFT_VERSION = 5.0;
				TARGETED_DEVICE_FAMILY = "1,2";
				TEST_HOST = "$(BUILT_PRODUCTS_DIR)/BlueToothScanner.app/BlueToothScanner";
			};
			name = Debug;
		};
		DBE718A524C011E800EB9734 /* Release */ = {
			isa = XCBuildConfiguration;
			buildSettings = {
				ALWAYS_EMBED_SWIFT_STANDARD_LIBRARIES = YES;
				BUNDLE_LOADER = "$(TEST_HOST)";
				CODE_SIGN_STYLE = Automatic;
				INFOPLIST_FILE = BlueToothScannerTests/Info.plist;
				IPHONEOS_DEPLOYMENT_TARGET = 13.4;
				LD_RUNPATH_SEARCH_PATHS = (
					"$(inherited)",
					"@executable_path/Frameworks",
					"@loader_path/Frameworks",
				);
				PRODUCT_BUNDLE_IDENTIFIER = vnn.vn.BlueToothScannerTests;
				PRODUCT_NAME = "$(TARGET_NAME)";
				SWIFT_VERSION = 5.0;
				TARGETED_DEVICE_FAMILY = "1,2";
				TEST_HOST = "$(BUILT_PRODUCTS_DIR)/BlueToothScanner.app/BlueToothScanner";
			};
			name = Release;
		};
/* End XCBuildConfiguration section */

/* Begin XCConfigurationList section */
		DBE7187C24C011E500EB9734 /* Build configuration list for PBXProject "BlueToothScanner" */ = {
			isa = XCConfigurationList;
			buildConfigurations = (
				DBE7189E24C011E800EB9734 /* Debug */,
				DBE7189F24C011E800EB9734 /* Release */,
			);
			defaultConfigurationIsVisible = 0;
			defaultConfigurationName = Release;
		};
		DBE718A024C011E800EB9734 /* Build configuration list for PBXNativeTarget "BlueToothScanner" */ = {
			isa = XCConfigurationList;
			buildConfigurations = (
				DBE718A124C011E800EB9734 /* Debug */,
				DBE718A224C011E800EB9734 /* Release */,
			);
			defaultConfigurationIsVisible = 0;
			defaultConfigurationName = Release;
		};
		DBE718A324C011E800EB9734 /* Build configuration list for PBXNativeTarget "BlueToothScannerTests" */ = {
			isa = XCConfigurationList;
			buildConfigurations = (
				DBE718A424C011E800EB9734 /* Debug */,
				DBE718A524C011E800EB9734 /* Release */,
			);
			defaultConfigurationIsVisible = 0;
			defaultConfigurationName = Release;
		};
/* End XCConfigurationList section */
	};
	rootObject = DBE7187924C011E500EB9734 /* Project object */;
}
